
Microsoft Visual Studio Solution File, Format Version 12.00
# Visual Studio Version 16
VisualStudioVersion = 16.0.30114.105
MinimumVisualStudioVersion = 10.0.40219.1
Project("{2150E333-8FDC-42A3-9474-1A3956D46DE8}") = "src", "src", "{1DC0896D-B26E-41B2-A3F7-1B63BDBAA6EB}"
EndProject
Project("{FAE04EC0-301F-11D3-BF4B-00C04F79EFBC}") = "CommandAPI", "src\CommandAPI\CommandAPI.csproj", "{327667BD-CC0C-4F49-BAA0-E85F0D651DCF}"
EndProject
Project("{2150E333-8FDC-42A3-9474-1A3956D46DE8}") = "test", "test", "{E7D54734-6D38-451D-B4AA-CF2024A8F221}"
EndProject
Project("{FAE04EC0-301F-11D3-BF4B-00C04F79EFBC}") = "CommandAPI.Tests", "test\CommandAPI.Tests\CommandAPI.Tests.csproj", "{492DE031-AFEB-4E2C-9F6B-E8C5DCFE1128}"
EndProject
Global
	GlobalSection(SolutionConfigurationPlatforms) = preSolution
		Debug|Any CPU = Debug|Any CPU
		Debug|x64 = Debug|x64
		Debug|x86 = Debug|x86
		Release|Any CPU = Release|Any CPU
		Release|x64 = Release|x64
		Release|x86 = Release|x86
	EndGlobalSection
	GlobalSection(SolutionProperties) = preSolution
		HideSolutionNode = FALSE
	EndGlobalSection
	GlobalSection(ProjectConfigurationPlatforms) = postSolution
		{327667BD-CC0C-4F49-BAA0-E85F0D651DCF}.Debug|Any CPU.ActiveCfg = Debug|Any CPU
		{327667BD-CC0C-4F49-BAA0-E85F0D651DCF}.Debug|Any CPU.Build.0 = Debug|Any CPU
		{327667BD-CC0C-4F49-BAA0-E85F0D651DCF}.Debug|x64.ActiveCfg = Debug|Any CPU
		{327667BD-CC0C-4F49-BAA0-E85F0D651DCF}.Debug|x64.Build.0 = Debug|Any CPU
		{327667BD-CC0C-4F49-BAA0-E85F0D651DCF}.Debug|x86.ActiveCfg = Debug|Any CPU
		{327667BD-CC0C-4F49-BAA0-E85F0D651DCF}.Debug|x86.Build.0 = Debug|Any CPU
		{327667BD-CC0C-4F49-BAA0-E85F0D651DCF}.Release|Any CPU.ActiveCfg = Release|Any CPU
		{327667BD-CC0C-4F49-BAA0-E85F0D651DCF}.Release|Any CPU.Build.0 = Release|Any CPU
		{327667BD-CC0C-4F49-BAA0-E85F0D651DCF}.Release|x64.ActiveCfg = Release|Any CPU
		{327667BD-CC0C-4F49-BAA0-E85F0D651DCF}.Release|x64.Build.0 = Release|Any CPU
		{327667BD-CC0C-4F49-BAA0-E85F0D651DCF}.Release|x86.ActiveCfg = Release|Any CPU
		{327667BD-CC0C-4F49-BAA0-E85F0D651DCF}.Release|x86.Build.0 = Release|Any CPU
		{492DE031-AFEB-4E2C-9F6B-E8C5DCFE1128}.Debug|Any CPU.ActiveCfg = Debug|Any CPU
		{492DE031-AFEB-4E2C-9F6B-E8C5DCFE1128}.Debug|Any CPU.Build.0 = Debug|Any CPU
		{492DE031-AFEB-4E2C-9F6B-E8C5DCFE1128}.Debug|x64.ActiveCfg = Debug|Any CPU
		{492DE031-AFEB-4E2C-9F6B-E8C5DCFE1128}.Debug|x64.Build.0 = Debug|Any CPU
		{492DE031-AFEB-4E2C-9F6B-E8C5DCFE1128}.Debug|x86.ActiveCfg = Debug|Any CPU
		{492DE031-AFEB-4E2C-9F6B-E8C5DCFE1128}.Debug|x86.Build.0 = Debug|Any CPU
		{492DE031-AFEB-4E2C-9F6B-E8C5DCFE1128}.Release|Any CPU.ActiveCfg = Release|Any CPU
		{492DE031-AFEB-4E2C-9F6B-E8C5DCFE1128}.Release|Any CPU.Build.0 = Release|Any CPU
		{492DE031-AFEB-4E2C-9F6B-E8C5DCFE1128}.Release|x64.ActiveCfg = Release|Any CPU
		{492DE031-AFEB-4E2C-9F6B-E8C5DCFE1128}.Release|x64.Build.0 = Release|Any CPU
		{492DE031-AFEB-4E2C-9F6B-E8C5DCFE1128}.Release|x86.ActiveCfg = Release|Any CPU
		{492DE031-AFEB-4E2C-9F6B-E8C5DCFE1128}.Release|x86.Build.0 = Release|Any CPU
	EndGlobalSection
	GlobalSection(NestedProjects) = preSolution
		{327667BD-CC0C-4F49-BAA0-E85F0D651DCF} = {1DC0896D-B26E-41B2-A3F7-1B63BDBAA6EB}
		{492DE031-AFEB-4E2C-9F6B-E8C5DCFE1128} = {E7D54734-6D38-451D-B4AA-CF2024A8F221}
	EndGlobalSection
EndGlobal
